
Microsoft Visual Studio Solution File, Format Version 11.00
# Visual Studio 2010
Project("{FAE04EC0-301F-11D3-BF4B-00C04F79EFBC}") = "AgeOfVampires - copia", "Assembly-CSharp-firstpass.csproj", "{EA0C5746-D92E-F00A-5FC5-371AD22CA9CC}"
EndProject
Project("{FAE04EC0-301F-11D3-BF4B-00C04F79EFBC}") = "AgeOfVampires - copia", "Assembly-CSharp.csproj", "{3F1A62DF-A29B-B9B5-E5F6-DAFF600324EB}"
EndProject
Project("{FAE04EC0-301F-11D3-BF4B-00C04F79EFBC}") = "AgeOfVampires - copia", "Assembly-CSharp-Editor-firstpass.csproj", "{7472F335-E704-AA5F-EE55-D7E190E24C03}"
EndProject
Global
	GlobalSection(SolutionConfigurationPlatforms) = preSolution
		Debug|Any CPU = Debug|Any CPU
		Release|Any CPU = Release|Any CPU
	EndGlobalSection
	GlobalSection(ProjectConfigurationPlatforms) = postSolution
		{EA0C5746-D92E-F00A-5FC5-371AD22CA9CC}.Debug|Any CPU.ActiveCfg = Debug|Any CPU
		{EA0C5746-D92E-F00A-5FC5-371AD22CA9CC}.Debug|Any CPU.Build.0 = Debug|Any CPU
		{EA0C5746-D92E-F00A-5FC5-371AD22CA9CC}.Release|Any CPU.ActiveCfg = Release|Any CPU
		{EA0C5746-D92E-F00A-5FC5-371AD22CA9CC}.Release|Any CPU.Build.0 = Release|Any CPU
		{3F1A62DF-A29B-B9B5-E5F6-DAFF600324EB}.Debug|Any CPU.ActiveCfg = Debug|Any CPU
		{3F1A62DF-A29B-B9B5-E5F6-DAFF600324EB}.Debug|Any CPU.Build.0 = Debug|Any CPU
		{3F1A62DF-A29B-B9B5-E5F6-DAFF600324EB}.Release|Any CPU.ActiveCfg = Release|Any CPU
		{3F1A62DF-A29B-B9B5-E5F6-DAFF600324EB}.Release|Any CPU.Build.0 = Release|Any CPU
		{7472F335-E704-AA5F-EE55-D7E190E24C03}.Debug|Any CPU.ActiveCfg = Debug|Any CPU
		{7472F335-E704-AA5F-EE55-D7E190E24C03}.Debug|Any CPU.Build.0 = Debug|Any CPU
		{7472F335-E704-AA5F-EE55-D7E190E24C03}.Release|Any CPU.ActiveCfg = Release|Any CPU
		{7472F335-E704-AA5F-EE55-D7E190E24C03}.Release|Any CPU.Build.0 = Release|Any CPU
	EndGlobalSection
	GlobalSection(SolutionProperties) = preSolution
		HideSolutionNode = FALSE
	EndGlobalSection
	GlobalSection(MonoDevelopProperties) = preSolution
		StartupItem = Assembly-CSharp.csproj
	EndGlobalSection
EndGlobal
