
Microsoft Visual Studio Solution File, Format Version 11.00
# Visual Studio 2010
Project("{FAE04EC0-301F-11D3-BF4B-00C04F79EFBC}") = "AOVwc", "Assembly-CSharp-firstpass.csproj", "{8F1DF38A-51AA-BCB8-3DB1-BA5D6F59A974}"
EndProject
Project("{FAE04EC0-301F-11D3-BF4B-00C04F79EFBC}") = "AOVwc", "Assembly-CSharp.csproj", "{05C89E67-D5BF-102A-A0BE-1CDEEC8A7068}"
EndProject
Project("{FAE04EC0-301F-11D3-BF4B-00C04F79EFBC}") = "AOVwc", "Assembly-CSharp-Editor-firstpass.csproj", "{6AF11129-B678-3168-E793-109A9F01C4F0}"
EndProject
Global
	GlobalSection(SolutionConfigurationPlatforms) = preSolution
		Debug|Any CPU = Debug|Any CPU
		Release|Any CPU = Release|Any CPU
	EndGlobalSection
	GlobalSection(ProjectConfigurationPlatforms) = postSolution
		{8F1DF38A-51AA-BCB8-3DB1-BA5D6F59A974}.Debug|Any CPU.ActiveCfg = Debug|Any CPU
		{8F1DF38A-51AA-BCB8-3DB1-BA5D6F59A974}.Debug|Any CPU.Build.0 = Debug|Any CPU
		{8F1DF38A-51AA-BCB8-3DB1-BA5D6F59A974}.Release|Any CPU.ActiveCfg = Release|Any CPU
		{8F1DF38A-51AA-BCB8-3DB1-BA5D6F59A974}.Release|Any CPU.Build.0 = Release|Any CPU
		{05C89E67-D5BF-102A-A0BE-1CDEEC8A7068}.Debug|Any CPU.ActiveCfg = Debug|Any CPU
		{05C89E67-D5BF-102A-A0BE-1CDEEC8A7068}.Debug|Any CPU.Build.0 = Debug|Any CPU
		{05C89E67-D5BF-102A-A0BE-1CDEEC8A7068}.Release|Any CPU.ActiveCfg = Release|Any CPU
		{05C89E67-D5BF-102A-A0BE-1CDEEC8A7068}.Release|Any CPU.Build.0 = Release|Any CPU
		{6AF11129-B678-3168-E793-109A9F01C4F0}.Debug|Any CPU.ActiveCfg = Debug|Any CPU
		{6AF11129-B678-3168-E793-109A9F01C4F0}.Debug|Any CPU.Build.0 = Debug|Any CPU
		{6AF11129-B678-3168-E793-109A9F01C4F0}.Release|Any CPU.ActiveCfg = Release|Any CPU
		{6AF11129-B678-3168-E793-109A9F01C4F0}.Release|Any CPU.Build.0 = Release|Any CPU
	EndGlobalSection
	GlobalSection(SolutionProperties) = preSolution
		HideSolutionNode = FALSE
	EndGlobalSection
	GlobalSection(MonoDevelopProperties) = preSolution
		StartupItem = Assembly-CSharp.csproj
	EndGlobalSection
EndGlobal
